
Microsoft Visual Studio Solution File, Format Version 12.00
# Visual Studio Version 16
VisualStudioVersion = 16.0.33529.622
MinimumVisualStudioVersion = 10.0.40219.1
Project("{888888A0-9F3D-457C-B088-3A5042F75D52}") = "Breaking", "Breaking\Breaking.pyproj", "{42E7C79C-227E-48EC-9A69-EA0ACD4025F9}"
EndProject
Global
	GlobalSection(SolutionConfigurationPlatforms) = preSolution
		Debug|Any CPU = Debug|Any CPU
		Release|Any CPU = Release|Any CPU
	EndGlobalSection
	GlobalSection(ProjectConfigurationPlatforms) = postSolution
		{42E7C79C-227E-48EC-9A69-EA0ACD4025F9}.Debug|Any CPU.ActiveCfg = Debug|Any CPU
		{42E7C79C-227E-48EC-9A69-EA0ACD4025F9}.Release|Any CPU.ActiveCfg = Release|Any CPU
	EndGlobalSection
	GlobalSection(SolutionProperties) = preSolution
		HideSolutionNode = FALSE
	EndGlobalSection
	GlobalSection(ExtensibilityGlobals) = postSolution
		SolutionGuid = {AAEDAA91-3055-44E4-8FD5-3B201204F78F}
	EndGlobalSection
EndGlobal
